dependencies:
- name: minio
  repository: oci://registry-1.docker.io/bitnamicharts
  version: 12.2.4
- name: common
  repository: oci://registry-1.docker.io/bitnamicharts
  version: 2.2.4
digest: sha256:b25b7c75547e1af0de2061db1070d579c79ada35994943388cf8303e00db8be8
generated: "2023-04-10T14:24:47.151752+02:00"
