dependencies:
- name: rabbitmq
  repository: oci://registry-1.docker.io/bitnamicharts
  version: 11.13.0
- name: mariadb
  repository: oci://registry-1.docker.io/bitnamicharts
  version: 11.5.6
- name: kafka
  repository: oci://registry-1.docker.io/bitnamicharts
  version: 21.4.4
- name: common
  repository: oci://registry-1.docker.io/bitnamicharts
  version: 2.2.4
digest: sha256:494c55099b1a7e0be59d126e2d866b6d3b11781b974e9c1edbf220edf7fca103
generated: "2023-04-10T14:24:20.827226+02:00"
