dependencies:
- name: redis
  repository: oci://registry-1.docker.io/bitnamicharts
  version: 17.9.3
- name: postgresql
  repository: oci://registry-1.docker.io/bitnamicharts
  version: 12.2.7
- name: common
  repository: oci://registry-1.docker.io/bitnamicharts
  version: 2.2.4
digest: sha256:8510c803aa8df9ccbc2fa20034192a95b172038b8a7a6ae6243f74cadeb9b61a
generated: "2023-04-10T14:20:27.073033+02:00"
