dependencies:
- name: redis
  repository: oci://registry-1.docker.io/bitnamicharts
  version: 17.9.3
- name: postgresql
  repository: oci://registry-1.docker.io/bitnamicharts
  version: 12.2.7
- name: common
  repository: oci://registry-1.docker.io/bitnamicharts
  version: 2.2.4
digest: sha256:61c6d78de2d6921cc5838d41b9592151c1456d34af5e70a6e474a78e439734cb
generated: "2023-04-10T14:19:11.006624+02:00"
