dependencies:
- name: redis
  repository: oci://registry-1.docker.io/bitnamicharts
  version: 17.9.3
- name: postgresql
  repository: oci://registry-1.docker.io/bitnamicharts
  version: 12.2.7
- name: common
  repository: oci://registry-1.docker.io/bitnamicharts
  version: 2.2.4
digest: sha256:c03346b691c0a375bedf408ee06465d2d4a9b15e30bf174895e53fb12d81e087
generated: "2023-04-10T14:17:25.461733+02:00"
