dependencies:
- name: postgresql
  repository: oci://registry-1.docker.io/bitnamicharts
  version: 12.2.7
- name: common
  repository: oci://registry-1.docker.io/bitnamicharts
  version: 2.2.4
digest: sha256:7936e747db1c7ed7a0212a548a233c5dda12b1d103bf94ac1ef09aeb0c7f8d95
generated: "2023-04-10T14:17:07.483499+02:00"
