dependencies:
- name: postgresql
  repository: oci://registry-1.docker.io/bitnamicharts
  version: 12.2.7
- name: mysql
  repository: oci://registry-1.docker.io/bitnamicharts
  version: 9.7.1
- name: common
  repository: oci://registry-1.docker.io/bitnamicharts
  version: 2.2.4
digest: sha256:9678f374c03779f396178a07653f2911b265bef4e06cc77a031a99d7a4ba42b3
generated: "2023-04-10T14:16:41.035568+02:00"
