dependencies:
- name: mariadb
  repository: oci://registry-1.docker.io/bitnamicharts
  version: 11.5.6
- name: elasticsearch
  repository: oci://registry-1.docker.io/bitnamicharts
  version: 19.6.0
- name: common
  repository: oci://registry-1.docker.io/bitnamicharts
  version: 2.2.4
digest: sha256:b11d20f1cc56f72734229c597b9fa74820804cdfd062e95a7805502f818cf8fe
generated: "2023-04-10T14:20:41.674973+02:00"
