dependencies:
- name: memcached
  repository: oci://registry-1.docker.io/bitnamicharts
  version: 6.3.14
- name: mariadb
  repository: oci://registry-1.docker.io/bitnamicharts
  version: 11.5.6
- name: common
  repository: oci://registry-1.docker.io/bitnamicharts
  version: 2.2.4
digest: sha256:36422af65ff49b5447f3b376ed95174591a875b0fda40bcb2b7e288be7caab0d
generated: "2023-04-10T14:25:25.635495+02:00"
