dependencies:
- name: postgresql
  repository: oci://registry-1.docker.io/bitnamicharts
  version: 12.2.7
- name: common
  repository: oci://registry-1.docker.io/bitnamicharts
  version: 2.2.4
digest: sha256:bd6169cda0a28c877d4792cdb44f6748d6b4a127253198c744305b0192a46ec5
generated: "2023-04-10T14:18:28.520175+02:00"
