dependencies:
- name: mariadb
  repository: oci://registry-1.docker.io/bitnamicharts
  version: 11.5.6
- name: common
  repository: oci://registry-1.docker.io/bitnamicharts
  version: 2.2.4
digest: sha256:5922e5689c09d949c9f699baf39499a12b7e2940a1c38ace4f298168415c9ce6
generated: "2023-04-10T14:17:44.551444+02:00"
