dependencies:
- name: redis
  repository: oci://registry-1.docker.io/bitnamicharts
  version: 17.9.3
- name: mongodb
  repository: oci://registry-1.docker.io/bitnamicharts
  version: 13.9.4
- name: common
  repository: oci://registry-1.docker.io/bitnamicharts
  version: 2.2.4
digest: sha256:1e6b02e1847661416ab1c4e9d4ba61e0810fdf5753e125291e8b4f9defc25f26
generated: "2023-04-10T14:16:26.507662+02:00"
