dependencies:
- name: mariadb
  repository: oci://registry-1.docker.io/bitnamicharts
  version: 11.5.6
- name: common
  repository: oci://registry-1.docker.io/bitnamicharts
  version: 2.2.4
digest: sha256:adef37ce19d071b472d715bb7936f5f22600faf0c2489f13540c3367df82a70a
generated: "2023-04-10T14:21:12.786748+02:00"
