dependencies:
- name: mariadb
  repository: oci://registry-1.docker.io/bitnamicharts
  version: 11.5.6
- name: common
  repository: oci://registry-1.docker.io/bitnamicharts
  version: 2.2.4
digest: sha256:37174b080f13fd06ffca0297d286d2fe546000ade770a8c7c61e53a04a0d0812
generated: "2023-04-10T14:23:02.62352+02:00"
