dependencies:
- name: minio
  repository: oci://registry-1.docker.io/bitnamicharts
  version: 12.2.4
- name: memcached
  repository: oci://registry-1.docker.io/bitnamicharts
  version: 6.3.14
- name: memcached
  repository: oci://registry-1.docker.io/bitnamicharts
  version: 6.3.14
- name: memcached
  repository: oci://registry-1.docker.io/bitnamicharts
  version: 6.3.14
- name: memcached
  repository: oci://registry-1.docker.io/bitnamicharts
  version: 6.3.14
- name: common
  repository: oci://registry-1.docker.io/bitnamicharts
  version: 2.2.4
digest: sha256:56e45ee72065ee3c905e526cb3266107d6147e232d4a9dd0e790b10457e1c9cf
generated: "2023-04-10T14:18:47.847461+02:00"
