dependencies:
- name: mariadb
  repository: oci://registry-1.docker.io/bitnamicharts
  version: 11.5.6
- name: common
  repository: oci://registry-1.docker.io/bitnamicharts
  version: 2.2.4
digest: sha256:d02f45f0fe8250bf97eb84bd8b333b6bd083d9fcce4d291eb4e5b272bfe805b4
generated: "2023-04-10T14:22:45.645147+02:00"
