dependencies:
- name: redis
  repository: oci://registry-1.docker.io/bitnamicharts
  version: 17.9.3
- name: postgresql
  repository: oci://registry-1.docker.io/bitnamicharts
  version: 12.2.7
- name: elasticsearch
  repository: oci://registry-1.docker.io/bitnamicharts
  version: 19.6.0
- name: minio
  repository: oci://registry-1.docker.io/bitnamicharts
  version: 12.2.4
- name: apache
  repository: oci://registry-1.docker.io/bitnamicharts
  version: 9.2.23
- name: common
  repository: oci://registry-1.docker.io/bitnamicharts
  version: 2.2.4
digest: sha256:dfc9b91e8a2bb2365b0804f5af957eea52da7f0d8be26db2c9820c65b1b69af1
generated: "2023-04-10T14:21:03.39227+02:00"
