dependencies:
- name: postgresql
  repository: oci://registry-1.docker.io/bitnamicharts
  version: 12.2.7
- name: kong
  repository: oci://registry-1.docker.io/bitnamicharts
  version: 9.1.8
- name: common
  repository: oci://registry-1.docker.io/bitnamicharts
  version: 2.2.4
digest: sha256:4fd88943e5b050f0aee904602ed801d662371fb66073e5e4e7872ab1b1999b51
generated: "2023-04-10T14:24:36.6107+02:00"
