dependencies:
- name: redis
  repository: oci://registry-1.docker.io/bitnamicharts
  version: 17.9.3
- name: common
  repository: oci://registry-1.docker.io/bitnamicharts
  version: 2.2.4
digest: sha256:8f56b4e1646c347bbe85e0b319ee25d15dec55c20a23aadb640f55eb5d1114cb
generated: "2023-04-10T14:16:33.4816+02:00"
