dependencies:
- name: postgresql
  repository: oci://registry-1.docker.io/bitnamicharts
  version: 12.2.7
- name: mariadb
  repository: oci://registry-1.docker.io/bitnamicharts
  version: 11.5.6
- name: common
  repository: oci://registry-1.docker.io/bitnamicharts
  version: 2.2.4
digest: sha256:3a7ae60b2b2a252abd7bc860a925c7b311fe1e8629b90eb01c3161f148127dc7
generated: "2023-04-10T14:23:47.407004+02:00"
